{
  "nodes": {
    "kicad-src": {
      "flake": false,
      "locked": {
        "lastModified": 1791312078,
        "narHash": "sha256-QK4f/hKNLsFomyHqE6ESeJspcMFtG0CIhw5B1c5z2+o=",
        "owner": "grannyaviation",
        "repo": "kicad",
        "rev": "adf3190824f5f1a812bb183d474030fdcddd2e20",
        "type": "github"
      },
      "original": {
        "owner": "grannyaviation",
        "ref": "feature/smart-guides",
        "repo": "kicad",
        "type": "github"
      }
    },
    "nixpkgs": {
      "locked": {
        "lastModified": 1784796856,
        "narHash": "sha256-wWFrV5/Qbm+lyt5x20E/bSbfJiGKMo4RCxZV8cl/WZI=",
        "owner": "NixOS",
        "repo": "nixpkgs",
        "rev": "e2587caef70cea85dd97d7daab492899902dbf5d",
        "type": "github"
      },
      "original": {
        "owner": "NixOS",
        "ref": "nixos-unstable",
        "repo": "nixpkgs",
        "type": "github"
      }
    },
    "root": {
      "inputs": {
        "kicad-src": "kicad-src",
        "nixpkgs": "nixpkgs"
      }
    }
  },
  "root": "root",
  "version": 7
}
