{
  "nodes": {
    "kicad-src": {
      "flake": false,
      "locked": {
        "lastModified": 1785267695,
        "narHash": "sha256-MbYWNV0Ba3zgUfu3pAIfYB7FqZfGzITVrhJGHvGI5FE=",
        "owner": "grannyaviation",
        "repo": "kicad",
        "rev": "024c60571983b9c0e16c925428488843eef842ec",
        "type": "github"
      },
      "original": {
        "owner": "grannyaviation",
        "ref": "feature/smart-guides",
        "repo": "kicad",
        "type": "github"
      }
    },
    "nixpkgs": {
      "locked": {
        "lastModified": 1784796856,
        "narHash": "sha256-wWFrV5/Qbm+lyt5x20E/bSbfJiGKMo4RCxZV8cl/WZI=",
        "owner": "NixOS",
        "repo": "nixpkgs",
        "rev": "e2587caef70cea85dd97d7daab492899902dbf5d",
        "type": "github"
      },
      "original": {
        "owner": "NixOS",
        "ref": "nixos-unstable",
        "repo": "nixpkgs",
        "type": "github"
      }
    },
    "root": {
      "inputs": {
        "kicad-src": "kicad-src",
        "nixpkgs": "nixpkgs"
      }
    }
  },
  "root": "root",
  "version": 7
}
